# This file is automatically @generated by Cargo.
# It is not intended for manual editing.
[[package]]
name = "aoc-util"
version = "0.0.0"

[[package]]
name = "aoc2019-day-01"
version = "0.0.0"
dependencies = [
 "aoc-util 0.0.0",
]

[[package]]
name = "aoc2019-day-02"
version = "0.0.0"
dependencies = [
 "aoc-util 0.0.0",
]

